<?xml version="1.0" encoding="utf-8"?>
<Project ToolsVersion="4.0" xmlns="http://schemas.microsoft.com/developer/msbuild/2003">
  <ItemGroup>
    <Filter Include="ソース ファイル">
      <UniqueIdentifier>{4FC737F1-C7A5-4376-A066-2A32D752A2FF}</UniqueIdentifier>
      <Extensions>cpp;c;cc;cxx;def;odl;idl;hpj;bat;asm;asmx</Extensions>
    </Filter>
    <Filter Include="ヘッダー ファイル">
      <UniqueIdentifier>{93995380-89BD-4b04-88EB-625FBE52EBFB}</UniqueIdentifier>
      <Extensions>h;hh;hpp;hxx;hm;inl;inc;xsd</Extensions>
    </Filter>
    <Filter Include="リソース ファイル">
      <UniqueIdentifier>{67DA6AB6-F800-4c08-8B7A-83BB121AAD01}</UniqueIdentifier>
      <Extensions>rc;ico;cur;bmp;dlg;rc2;rct;bin;rgs;gif;jpg;jpeg;jpe;resx;tiff;tif;png;wav;mfcribbon-ms</Extensions>
    </Filter>
    <Filter Include="ソース ファイル\model">
      <UniqueIdentifier>{e5ffd2c2-f87f-44f3-a9db-edfd2cd9dceb}</UniqueIdentifier>
    </Filter>
    <Filter Include="ヘッダー ファイル\model">
      <UniqueIdentifier>{4fb0fc98-0e63-4c20-beb9-6306f2bcd0c2}</UniqueIdentifier>
    </Filter>
    <Filter Include="ソース ファイル\estimation">
      <UniqueIdentifier>{90234ea9-e384-4fc1-895d-f48da2f1e2e7}</UniqueIdentifier>
    </Filter>
    <Filter Include="ヘッダー ファイル\estimation">
      <UniqueIdentifier>{38e3f3e1-6555-4739-82c7-a718eb7d8553}</UniqueIdentifier>
    </Filter>
    <Filter Include="ソース ファイル\estimation\kalman_filter">
      <UniqueIdentifier>{00081810-b5ae-49b9-861f-b4eb5915a1eb}</UniqueIdentifier>
    </Filter>
    <Filter Include="ソース ファイル\estimation\particle_filter">
      <UniqueIdentifier>{51344f06-1890-476c-a34e-d8da619c04fe}</UniqueIdentifier>
    </Filter>
    <Filter Include="ソース ファイル\distribution">
      <UniqueIdentifier>{93ed0a7f-3874-4e4c-a399-15edb0228fb1}</UniqueIdentifier>
    </Filter>
    <Filter Include="ヘッダー ファイル\distribution">
      <UniqueIdentifier>{a280d0de-963c-44fa-98ea-2fd6e1502c20}</UniqueIdentifier>
    </Filter>
    <Filter Include="ヘッダー ファイル\estimation\kalman_filter">
      <UniqueIdentifier>{6f992eb6-aea6-46e9-bcef-8c7b82c6f749}</UniqueIdentifier>
    </Filter>
    <Filter Include="ヘッダー ファイル\estimation\particle_filter">
      <UniqueIdentifier>{8fd0c1b4-2162-4324-91f7-95218e727f58}</UniqueIdentifier>
    </Filter>
    <Filter Include="ソース ファイル\factory">
      <UniqueIdentifier>{173136ea-4e16-475d-a5b6-7d709a1d8c4a}</UniqueIdentifier>
    </Filter>
    <Filter Include="ヘッダー ファイル\factory">
      <UniqueIdentifier>{c4a9c4a5-90a1-4362-8e11-f56a0873fcd8}</UniqueIdentifier>
    </Filter>
    <Filter Include="ヘッダー ファイル\estimation\particle_filter\resampling">
      <UniqueIdentifier>{ce5b0200-d457-4a34-8330-445fd8cd1911}</UniqueIdentifier>
    </Filter>
    <Filter Include="ソース ファイル\estimation\particle_filter\resampling">
      <UniqueIdentifier>{955c3809-6a56-4079-aa4c-c13a424f7ad8}</UniqueIdentifier>
    </Filter>
  </ItemGroup>
  <ItemGroup>
    <ClInclude Include="Stdafx.h">
      <Filter>ヘッダー ファイル</Filter>
    </ClInclude>
    <ClInclude Include="resource.h">
      <Filter>ヘッダー ファイル</Filter>
    </ClInclude>
    <ClInclude Include="state_space_model.h">
      <Filter>ヘッダー ファイル\model</Filter>
    </ClInclude>
    <ClInclude Include="model_equation.h">
      <Filter>ヘッダー ファイル\model</Filter>
    </ClInclude>
    <ClInclude Include="probability_distribution.h">
      <Filter>ヘッダー ファイル\distribution</Filter>
    </ClInclude>
    <ClInclude Include="particle_distribution.h">
      <Filter>ヘッダー ファイル\distribution</Filter>
    </ClInclude>
    <ClInclude Include="normal_distribution.h">
      <Filter>ヘッダー ファイル\distribution</Filter>
    </ClInclude>
    <ClInclude Include="extended_kalman_filter.h">
      <Filter>ヘッダー ファイル\estimation\kalman_filter</Filter>
    </ClInclude>
    <ClInclude Include="linear_kalman_filter.h">
      <Filter>ヘッダー ファイル\estimation\kalman_filter</Filter>
    </ClInclude>
    <ClInclude Include="unscented_kalman_filter.h">
      <Filter>ヘッダー ファイル\estimation\kalman_filter</Filter>
    </ClInclude>
    <ClInclude Include="particle_filter.h">
      <Filter>ヘッダー ファイル\estimation\particle_filter</Filter>
    </ClInclude>
    <ClInclude Include="particle.h">
      <Filter>ヘッダー ファイル\estimation\particle_filter</Filter>
    </ClInclude>
    <ClInclude Include="state_estimate_filter.h">
      <Filter>ヘッダー ファイル\estimation</Filter>
    </ClInclude>
    <ClInclude Include="state_estimater_factory.h">
      <Filter>ヘッダー ファイル\factory</Filter>
    </ClInclude>
    <ClInclude Include="point_estimation.h">
      <Filter>ヘッダー ファイル\estimation</Filter>
    </ClInclude>
    <ClInclude Include="resampling.h">
      <Filter>ヘッダー ファイル\estimation\particle_filter\resampling</Filter>
    </ClInclude>
    <ClInclude Include="low_variance_sampling.h">
      <Filter>ヘッダー ファイル\estimation\particle_filter\resampling</Filter>
    </ClInclude>
    <ClInclude Include="truth_observation_generator.h">
      <Filter>ヘッダー ファイル\estimation</Filter>
    </ClInclude>
  </ItemGroup>
  <ItemGroup>
    <ClCompile Include="AssemblyInfo.cpp">
      <Filter>ソース ファイル</Filter>
    </ClCompile>
    <ClCompile Include="Stdafx.cpp">
      <Filter>ソース ファイル</Filter>
    </ClCompile>
    <ClCompile Include="state_space_model.cpp">
      <Filter>ソース ファイル\model</Filter>
    </ClCompile>
    <ClCompile Include="model_equation.cpp">
      <Filter>ソース ファイル\model</Filter>
    </ClCompile>
    <ClCompile Include="state_estimate_filter.cpp">
      <Filter>ソース ファイル\estimation</Filter>
    </ClCompile>
    <ClCompile Include="point_estimation.cpp">
      <Filter>ソース ファイル\estimation</Filter>
    </ClCompile>
    <ClCompile Include="extended_kalman_filter.cpp">
      <Filter>ソース ファイル\estimation\kalman_filter</Filter>
    </ClCompile>
    <ClCompile Include="linear_kalman_filter.cpp">
      <Filter>ソース ファイル\estimation\kalman_filter</Filter>
    </ClCompile>
    <ClCompile Include="particle_filter.cpp">
      <Filter>ソース ファイル\estimation\particle_filter</Filter>
    </ClCompile>
    <ClCompile Include="probability_distribution.cpp">
      <Filter>ソース ファイル\distribution</Filter>
    </ClCompile>
    <ClCompile Include="normal_distribution.cpp">
      <Filter>ソース ファイル\distribution</Filter>
    </ClCompile>
    <ClCompile Include="particle_distribution.cpp">
      <Filter>ソース ファイル\distribution</Filter>
    </ClCompile>
    <ClCompile Include="particle.cpp">
      <Filter>ソース ファイル\estimation\particle_filter</Filter>
    </ClCompile>
    <ClCompile Include="unscented_kalman_filter.cpp">
      <Filter>ソース ファイル\estimation\kalman_filter</Filter>
    </ClCompile>
    <ClCompile Include="state_estimater_factory.cpp">
      <Filter>ソース ファイル\factory</Filter>
    </ClCompile>
    <ClCompile Include="low_variance_sampling.cpp">
      <Filter>ソース ファイル\estimation\particle_filter\resampling</Filter>
    </ClCompile>
    <ClCompile Include="truth_observation_generator.cpp">
      <Filter>ソース ファイル\estimation</Filter>
    </ClCompile>
  </ItemGroup>
  <ItemGroup>
    <Text Include="ReadMe.txt" />
  </ItemGroup>
  <ItemGroup>
    <ResourceCompile Include="app.rc">
      <Filter>リソース ファイル</Filter>
    </ResourceCompile>
  </ItemGroup>
  <ItemGroup>
    <Image Include="app.ico">
      <Filter>リソース ファイル</Filter>
    </Image>
  </ItemGroup>
</Project>