<?xml version="1.0" encoding="utf-8"?>
<Project ToolsVersion="4.0" xmlns="http://schemas.microsoft.com/developer/msbuild/2003">
  <ItemGroup>
    <ClCompile Include="AssemblyInfo.cpp">
      <Filter>ソース ファイル</Filter>
    </ClCompile>
    <ClCompile Include="Stdafx.cpp">
      <Filter>ソース ファイル</Filter>
    </ClCompile>
    <ClCompile Include="normal_distribution.cpp">
      <Filter>ソース ファイル\distribution</Filter>
    </ClCompile>
    <ClCompile Include="probability_distribution.cpp">
      <Filter>ソース ファイル\distribution</Filter>
    </ClCompile>
    <ClCompile Include="particle_distribution.cpp">
      <Filter>ソース ファイル\distribution</Filter>
    </ClCompile>
    <ClCompile Include="point_estimation.cpp">
      <Filter>ソース ファイル\estimation</Filter>
    </ClCompile>
    <ClCompile Include="state_estimater_factory.cpp">
      <Filter>ソース ファイル\factory</Filter>
    </ClCompile>
    <ClCompile Include="state_estimate_filter.cpp">
      <Filter>ソース ファイル\estimation</Filter>
    </ClCompile>
    <ClCompile Include="state_space_model.cpp">
      <Filter>ソース ファイル\model</Filter>
    </ClCompile>
    <ClCompile Include="model_equation.cpp">
      <Filter>ソース ファイル\model</Filter>
    </ClCompile>
    <ClCompile Include="extended_kalman_filter.cpp">
      <Filter>ソース ファイル\estimation\kalman_filter</Filter>
    </ClCompile>
    <ClCompile Include="linear_kalman_filter.cpp">
      <Filter>ソース ファイル\estimation\kalman_filter</Filter>
    </ClCompile>
    <ClCompile Include="unscented_kalman_filter.cpp">
      <Filter>ソース ファイル\estimation\kalman_filter</Filter>
    </ClCompile>
    <ClCompile Include="particle_filter.cpp">
      <Filter>ソース ファイル\estimation\particle_filter</Filter>
    </ClCompile>
    <ClCompile Include="low_variance_sampling.cpp">
      <Filter>ソース ファイル\estimation\particle_filter</Filter>
    </ClCompile>
    <ClCompile Include="particle.cpp">
      <Filter>ソース ファイル\estimation\particle_filter</Filter>
    </ClCompile>
    <ClCompile Include="truth_observation_generator.cpp">
      <Filter>ソース ファイル\factory</Filter>
    </ClCompile>
  </ItemGroup>
  <ItemGroup>
    <ClInclude Include="resource.h">
      <Filter>ヘッダー ファイル</Filter>
    </ClInclude>
    <ClInclude Include="Stdafx.h">
      <Filter>ヘッダー ファイル</Filter>
    </ClInclude>
    <ClInclude Include="normal_distribution.h">
      <Filter>ヘッダー ファイル\distribution</Filter>
    </ClInclude>
    <ClInclude Include="probability_distribution.h">
      <Filter>ヘッダー ファイル\distribution</Filter>
    </ClInclude>
    <ClInclude Include="state_estimate_filter.h">
      <Filter>ヘッダー ファイル\estimation</Filter>
    </ClInclude>
    <ClInclude Include="state_estimater_factory.h">
      <Filter>ヘッダー ファイル\factory</Filter>
    </ClInclude>
    <ClInclude Include="truth_observation_generator.h">
      <Filter>ヘッダー ファイル\factory</Filter>
    </ClInclude>
    <ClInclude Include="model_equation.h">
      <Filter>ヘッダー ファイル\model</Filter>
    </ClInclude>
    <ClInclude Include="state_space_model.h">
      <Filter>ヘッダー ファイル\model</Filter>
    </ClInclude>
    <ClInclude Include="extended_kalman_filter.h">
      <Filter>ヘッダー ファイル\estimation\kalman_filter</Filter>
    </ClInclude>
    <ClInclude Include="linear_kalman_filter.h">
      <Filter>ヘッダー ファイル\estimation\kalman_filter</Filter>
    </ClInclude>
    <ClInclude Include="unscented_kalman_filter.h">
      <Filter>ヘッダー ファイル\estimation\kalman_filter</Filter>
    </ClInclude>
    <ClInclude Include="particle.h">
      <Filter>ヘッダー ファイル\estimation\particle_filter</Filter>
    </ClInclude>
    <ClInclude Include="particle_distribution.h">
      <Filter>ヘッダー ファイル\distribution</Filter>
    </ClInclude>
    <ClInclude Include="low_variance_sampling.h">
      <Filter>ヘッダー ファイル\estimation\particle_filter</Filter>
    </ClInclude>
    <ClInclude Include="particle_filter.h">
      <Filter>ヘッダー ファイル\estimation\particle_filter</Filter>
    </ClInclude>
    <ClInclude Include="point_estimation.h">
      <Filter>ヘッダー ファイル\estimation\particle_filter</Filter>
    </ClInclude>
    <ClInclude Include="resampling.h">
      <Filter>ヘッダー ファイル\estimation\particle_filter</Filter>
    </ClInclude>
    <ClInclude Include="abstract_test.h">
      <Filter>ヘッダー ファイル\test</Filter>
    </ClInclude>
    <ClInclude Include="likelihood_ratio_test.h">
      <Filter>ヘッダー ファイル\test</Filter>
    </ClInclude>
  </ItemGroup>
  <ItemGroup>
    <Text Include="ReadMe.txt" />
  </ItemGroup>
  <ItemGroup>
    <Filter Include="リソース ファイル">
      <UniqueIdentifier>{c30b19eb-305f-4905-9d71-c587ad635523}</UniqueIdentifier>
    </Filter>
    <Filter Include="ヘッダー ファイル">
      <UniqueIdentifier>{b3505b07-7bd1-4914-b7d7-dde2cf9ef21a}</UniqueIdentifier>
    </Filter>
    <Filter Include="ソース ファイル">
      <UniqueIdentifier>{52803853-4c49-470f-8b44-8d7074b1c618}</UniqueIdentifier>
    </Filter>
    <Filter Include="ソース ファイル\distribution">
      <UniqueIdentifier>{5add44c1-e74f-48e4-86be-b7ba54658c75}</UniqueIdentifier>
    </Filter>
    <Filter Include="ソース ファイル\estimation">
      <UniqueIdentifier>{4f2e63e0-f4c5-4d6b-a248-076e64cd7eb3}</UniqueIdentifier>
    </Filter>
    <Filter Include="ソース ファイル\factory">
      <UniqueIdentifier>{ae93ea10-f3ab-4f38-8e2d-532a53cda557}</UniqueIdentifier>
    </Filter>
    <Filter Include="ソース ファイル\model">
      <UniqueIdentifier>{db362556-16ea-48bd-b0ba-2467ead2264e}</UniqueIdentifier>
    </Filter>
    <Filter Include="ソース ファイル\estimation\kalman_filter">
      <UniqueIdentifier>{b2589f97-6bca-4271-8a86-e3d175566c8b}</UniqueIdentifier>
    </Filter>
    <Filter Include="ソース ファイル\estimation\particle_filter">
      <UniqueIdentifier>{577c911e-5ce3-4891-b088-21224784e01e}</UniqueIdentifier>
    </Filter>
    <Filter Include="ヘッダー ファイル\distribution">
      <UniqueIdentifier>{e5f8f3dc-8d40-4521-a84f-ededbd28cca9}</UniqueIdentifier>
    </Filter>
    <Filter Include="ヘッダー ファイル\estimation">
      <UniqueIdentifier>{7b6d69f6-cde3-4e22-a8e0-efe7f35b2d88}</UniqueIdentifier>
    </Filter>
    <Filter Include="ヘッダー ファイル\factory">
      <UniqueIdentifier>{56b12d53-2546-42b9-abd3-d74730c7f605}</UniqueIdentifier>
    </Filter>
    <Filter Include="ヘッダー ファイル\model">
      <UniqueIdentifier>{65b507dd-fe7e-48c4-a92b-d61dc8b692ab}</UniqueIdentifier>
    </Filter>
    <Filter Include="ヘッダー ファイル\estimation\kalman_filter">
      <UniqueIdentifier>{91bb246b-f4db-46c6-8112-d15f08bbfd8a}</UniqueIdentifier>
    </Filter>
    <Filter Include="ヘッダー ファイル\estimation\particle_filter">
      <UniqueIdentifier>{9ae258ac-b1dc-4c2c-a68d-e949a26b9982}</UniqueIdentifier>
    </Filter>
    <Filter Include="ヘッダー ファイル\test">
      <UniqueIdentifier>{dbc1ab11-6ac8-409a-b667-1c031e11ef70}</UniqueIdentifier>
    </Filter>
    <Filter Include="ソース ファイル\test">
      <UniqueIdentifier>{916ddb84-ea11-4cae-86bb-5e235205b548}</UniqueIdentifier>
    </Filter>
  </ItemGroup>
  <ItemGroup>
    <Image Include="app.ico">
      <Filter>リソース ファイル</Filter>
    </Image>
  </ItemGroup>
  <ItemGroup>
    <ResourceCompile Include="app.rc">
      <Filter>リソース ファイル</Filter>
    </ResourceCompile>
  </ItemGroup>
</Project>